<?xml version="1.0" encoding="utf-8"?>
<Project ToolsVersion="4.0" xmlns="http://schemas.microsoft.com/developer/msbuild/2003">
  <ItemGroup>
    <Filter Include="源文件">
      <UniqueIdentifier>{4FC737F1-C7A5-4376-A066-2A32D752A2FF}</UniqueIdentifier>
      <Extensions>cpp;c;cc;cxx;def;odl;idl;hpj;bat;asm;asmx</Extensions>
    </Filter>
    <Filter Include="头文件">
      <UniqueIdentifier>{93995380-89BD-4b04-88EB-625FBE52EBFB}</UniqueIdentifier>
      <Extensions>h;hpp;hxx;hm;inl;inc;xsd</Extensions>
    </Filter>
    <Filter Include="资源文件">
      <UniqueIdentifier>{67DA6AB6-F800-4c08-8B7A-83BB121AAD01}</UniqueIdentifier>
      <Extensions>rc;ico;cur;bmp;dlg;rc2;rct;bin;rgs;gif;jpg;jpeg;jpe;resx;tiff;tif;png;wav;mfcribbon-ms</Extensions>
    </Filter>
    <Filter Include="头文件\Supplements">
      <UniqueIdentifier>{4da69369-f09b-4bd5-884b-4907e76f2bde}</UniqueIdentifier>
    </Filter>
  </ItemGroup>
  <ItemGroup>
    <ClInclude Include="Config.h">
      <Filter>头文件</Filter>
    </ClInclude>
    <ClInclude Include="Processor.h">
      <Filter>头文件</Filter>
    </ClInclude>
    <ClInclude Include="CorrectingUtil.h">
      <Filter>头文件</Filter>
    </ClInclude>
    <ClInclude Include="StitchingUtil.h">
      <Filter>头文件</Filter>
    </ClInclude>
    <ClInclude Include="MyLog.h">
      <Filter>头文件</Filter>
    </ClInclude>
    <ClInclude Include="TestCase.h">
      <Filter>源文件</Filter>
    </ClInclude>
    <ClInclude Include="Supplements\RewarpableWarper.h">
      <Filter>头文件</Filter>
    </ClInclude>
    <ClInclude Include="Supplements\Matchers.h">
      <Filter>头文件</Filter>
    </ClInclude>
    <ClInclude Include="OtherUtils\ImageUtil.h">
      <Filter>头文件</Filter>
    </ClInclude>
    <ClInclude Include="OtherUtils\FileUtil.h">
      <Filter>头文件</Filter>
    </ClInclude>
    <ClInclude Include="OtherUtils\IntervalBestValueMaintainer.h">
      <Filter>头文件</Filter>
    </ClInclude>
  </ItemGroup>
  <ItemGroup>
    <ClCompile Include="Processor.cpp">
      <Filter>源文件</Filter>
    </ClCompile>
    <ClCompile Include="Main.cpp">
      <Filter>源文件</Filter>
    </ClCompile>
    <ClCompile Include="CorrectingUtil.cpp">
      <Filter>源文件</Filter>
    </ClCompile>
    <ClCompile Include="StitchingInfo.cpp">
      <Filter>源文件</Filter>
    </ClCompile>
    <ClCompile Include="Supplements\RewarpableWarper.cpp">
      <Filter>源文件</Filter>
    </ClCompile>
    <ClCompile Include="Supplements\Matchers.cpp">
      <Filter>源文件</Filter>
    </ClCompile>
    <ClCompile Include="OtherUtils\FileUtil.cpp">
      <Filter>源文件</Filter>
    </ClCompile>
    <ClCompile Include="OpencvSelfStitching.cpp">
      <Filter>源文件</Filter>
    </ClCompile>
    <ClCompile Include="StitchingUtil.cpp">
      <Filter>源文件</Filter>
    </ClCompile>
  </ItemGroup>
</Project>